
Microsoft Visual Studio Solution File, Format Version 12.00
# Visual Studio Version 17
VisualStudioVersion = 17.13.35828.75 d17.13
MinimumVisualStudioVersion = 10.0.40219.1
Project("{FAE04EC0-301F-11D3-BF4B-00C04F79EFBC}") = "Practica20250320.AppWebMVC", "Practica20250320.AppWebMVC\Practica20250320.AppWebMVC.csproj", "{CC533D3D-B419-40BF-81D4-15B1D7F42F3F}"
EndProject
Global
	GlobalSection(SolutionConfigurationPlatforms) = preSolution
		Debug|Any CPU = Debug|Any CPU
		Release|Any CPU = Release|Any CPU
	EndGlobalSection
	GlobalSection(ProjectConfigurationPlatforms) = postSolution
		{CC533D3D-B419-40BF-81D4-15B1D7F42F3F}.Debug|Any CPU.ActiveCfg = Debug|Any CPU
		{CC533D3D-B419-40BF-81D4-15B1D7F42F3F}.Debug|Any CPU.Build.0 = Debug|Any CPU
		{CC533D3D-B419-40BF-81D4-15B1D7F42F3F}.Release|Any CPU.ActiveCfg = Release|Any CPU
		{CC533D3D-B419-40BF-81D4-15B1D7F42F3F}.Release|Any CPU.Build.0 = Release|Any CPU
	EndGlobalSection
	GlobalSection(SolutionProperties) = preSolution
		HideSolutionNode = FALSE
	EndGlobalSection
	GlobalSection(ExtensibilityGlobals) = postSolution
		SolutionGuid = {1CF076B3-B030-41E7-8460-2B3FC800BD53}
	EndGlobalSection
EndGlobal
